
Microsoft Visual Studio Solution File, Format Version 11.00
# Visual Studio 2010
Project("{FAE04EC0-301F-11D3-BF4B-00C04F79EFBC}") = "Ajubaa.IBModeler.Processor", "Ajubaa.IBModeler.Processor\Ajubaa.IBModeler.Processor\Ajubaa.IBModeler.Processor.csproj", "{8113DEEE-F13B-4DFD-B711-DEE5C6448BD0}"
EndProject
Project("{FAE04EC0-301F-11D3-BF4B-00C04F79EFBC}") = "Ajubaa.Common", "..\..\Common\Ajubaa.Common\Ajubaa.Common.csproj", "{8E6395DC-4BE2-4D63-86CD-584AD30A94F1}"
EndProject
Project("{FAE04EC0-301F-11D3-BF4B-00C04F79EFBC}") = "Ajubaa.IBModeler.Common", "..\Ajubaa.IBModeler.Common\Ajubaa.IBModeler.Common.csproj", "{42E78142-4720-4128-9208-046896F53176}"
EndProject
Project("{FAE04EC0-301F-11D3-BF4B-00C04F79EFBC}") = "Ajubaa.IBModeler.ImgToObj", "..\ImgToObj\Ajubaa.IBModeler.ImgToObj\Ajubaa.IBModeler.ImgToObj.csproj", "{2C6817B4-F3D7-457E-8AA6-2BB4361A9D4F}"
EndProject
Project("{FAE04EC0-301F-11D3-BF4B-00C04F79EFBC}") = "Ajubaa.IBModeler.PtsToPolygons", "..\PtsToPolygons\Ajubaa.IBModeler.PtsToPolygons\Ajubaa.IBModeler.PtsToPolygons.csproj", "{89591D26-9317-4906-84E5-BD63513BD24A}"
EndProject
Project("{FAE04EC0-301F-11D3-BF4B-00C04F79EFBC}") = "Ajubaa.IBModeler.ImgBackgroundStripper", "..\ImgBackgroundStripper\Ajubaa.IBModeler.ImgBackgroundStripper\Ajubaa.IBModeler.ImgBackgroundStripper.csproj", "{F35A27F0-76E9-42D3-A97B-B4626925F1CE}"
EndProject
Project("{FAE04EC0-301F-11D3-BF4B-00C04F79EFBC}") = "Ajubaa.TextureGenerator", "..\..\TextureGenerator\Ajubaa.TextureGenerator\Ajubaa.TextureGenerator.csproj", "{F71D4C14-5F2B-427A-9F9A-9B9B1CCEFAF3}"
EndProject
Project("{FAE04EC0-301F-11D3-BF4B-00C04F79EFBC}") = "Ajubaa.Common.MatrixManipulations", "..\..\MatrixManipulations\Ajubaa.Common.MatrixManipulations\Ajubaa.Common.MatrixManipulations.csproj", "{2E55FED1-4C02-4B3D-9974-8ADDB02B2F7A}"
EndProject
Project("{FAE04EC0-301F-11D3-BF4B-00C04F79EFBC}") = "Ajubaa.Common.PolygonDataWriters", "..\..\PolygonDataWriters\Ajubaa.Common.PolygonDataWriters\Ajubaa.Common.PolygonDataWriters.csproj", "{2B7969F5-2EBA-4D68-AC22-97FF93FF5121}"
EndProject
Project("{FAE04EC0-301F-11D3-BF4B-00C04F79EFBC}") = "Ajubaa.IBModeler.Processor.Test", "Ajubaa.IBModeler.Processor.Test\Ajubaa.IBModeler.Processor.Test.csproj", "{AA4A206D-CD77-4AD5-8579-4D9C18C74E47}"
EndProject
Project("{FAE04EC0-301F-11D3-BF4B-00C04F79EFBC}") = "Ajubaa.SurfaceSmoother.FullModelSmoother", "..\..\SurfaceSmoother\FullModelSmoother\Ajubaa.SurfaceSmoother.FullModelSmoother\Ajubaa.SurfaceSmoother.FullModelSmoother.csproj", "{055A538F-A05D-4E43-8349-5F253C5B5E95}"
EndProject
Project("{FAE04EC0-301F-11D3-BF4B-00C04F79EFBC}") = "Ajubaa.IBModeler.ImageAlterations", "..\ImageAlterations\Ajubaa.IBModeler.ImageAlterations\Ajubaa.IBModeler.ImageAlterations.csproj", "{0C59B1EA-7CEA-4C0B-97F4-553D57F9E25E}"
EndProject
Project("{FAE04EC0-301F-11D3-BF4B-00C04F79EFBC}") = "Ajubaa.IBModeler.ImageAlterations.Test", "..\ImageAlterations\Ajubaa.IBModeler.ImageAlterations.Test\Ajubaa.IBModeler.ImageAlterations.Test.csproj", "{B126D6C1-FCC4-4391-8A39-A5702583938E}"
EndProject
Global
	GlobalSection(SolutionConfigurationPlatforms) = preSolution
		Debug|Any CPU = Debug|Any CPU
		Release|Any CPU = Release|Any CPU
	EndGlobalSection
	GlobalSection(ProjectConfigurationPlatforms) = postSolution
		{8113DEEE-F13B-4DFD-B711-DEE5C6448BD0}.Debug|Any CPU.ActiveCfg = Debug|Any CPU
		{8113DEEE-F13B-4DFD-B711-DEE5C6448BD0}.Debug|Any CPU.Build.0 = Debug|Any CPU
		{8113DEEE-F13B-4DFD-B711-DEE5C6448BD0}.Release|Any CPU.ActiveCfg = Release|Any CPU
		{8113DEEE-F13B-4DFD-B711-DEE5C6448BD0}.Release|Any CPU.Build.0 = Release|Any CPU
		{8E6395DC-4BE2-4D63-86CD-584AD30A94F1}.Debug|Any CPU.ActiveCfg = Debug|Any CPU
		{8E6395DC-4BE2-4D63-86CD-584AD30A94F1}.Debug|Any CPU.Build.0 = Debug|Any CPU
		{8E6395DC-4BE2-4D63-86CD-584AD30A94F1}.Release|Any CPU.ActiveCfg = Release|Any CPU
		{8E6395DC-4BE2-4D63-86CD-584AD30A94F1}.Release|Any CPU.Build.0 = Release|Any CPU
		{42E78142-4720-4128-9208-046896F53176}.Debug|Any CPU.ActiveCfg = Debug|Any CPU
		{42E78142-4720-4128-9208-046896F53176}.Debug|Any CPU.Build.0 = Debug|Any CPU
		{42E78142-4720-4128-9208-046896F53176}.Release|Any CPU.ActiveCfg = Release|Any CPU
		{42E78142-4720-4128-9208-046896F53176}.Release|Any CPU.Build.0 = Release|Any CPU
		{2C6817B4-F3D7-457E-8AA6-2BB4361A9D4F}.Debug|Any CPU.ActiveCfg = Debug|Any CPU
		{2C6817B4-F3D7-457E-8AA6-2BB4361A9D4F}.Debug|Any CPU.Build.0 = Debug|Any CPU
		{2C6817B4-F3D7-457E-8AA6-2BB4361A9D4F}.Release|Any CPU.ActiveCfg = Release|Any CPU
		{2C6817B4-F3D7-457E-8AA6-2BB4361A9D4F}.Release|Any CPU.Build.0 = Release|Any CPU
		{89591D26-9317-4906-84E5-BD63513BD24A}.Debug|Any CPU.ActiveCfg = Debug|Any CPU
		{89591D26-9317-4906-84E5-BD63513BD24A}.Debug|Any CPU.Build.0 = Debug|Any CPU
		{89591D26-9317-4906-84E5-BD63513BD24A}.Release|Any CPU.ActiveCfg = Release|Any CPU
		{89591D26-9317-4906-84E5-BD63513BD24A}.Release|Any CPU.Build.0 = Release|Any CPU
		{F35A27F0-76E9-42D3-A97B-B4626925F1CE}.Debug|Any CPU.ActiveCfg = Debug|Any CPU
		{F35A27F0-76E9-42D3-A97B-B4626925F1CE}.Debug|Any CPU.Build.0 = Debug|Any CPU
		{F35A27F0-76E9-42D3-A97B-B4626925F1CE}.Release|Any CPU.ActiveCfg = Release|Any CPU
		{F35A27F0-76E9-42D3-A97B-B4626925F1CE}.Release|Any CPU.Build.0 = Release|Any CPU
		{F71D4C14-5F2B-427A-9F9A-9B9B1CCEFAF3}.Debug|Any CPU.ActiveCfg = Debug|Any CPU
		{F71D4C14-5F2B-427A-9F9A-9B9B1CCEFAF3}.Debug|Any CPU.Build.0 = Debug|Any CPU
		{F71D4C14-5F2B-427A-9F9A-9B9B1CCEFAF3}.Release|Any CPU.ActiveCfg = Release|Any CPU
		{F71D4C14-5F2B-427A-9F9A-9B9B1CCEFAF3}.Release|Any CPU.Build.0 = Release|Any CPU
		{2E55FED1-4C02-4B3D-9974-8ADDB02B2F7A}.Debug|Any CPU.ActiveCfg = Debug|Any CPU
		{2E55FED1-4C02-4B3D-9974-8ADDB02B2F7A}.Debug|Any CPU.Build.0 = Debug|Any CPU
		{2E55FED1-4C02-4B3D-9974-8ADDB02B2F7A}.Release|Any CPU.ActiveCfg = Release|Any CPU
		{2E55FED1-4C02-4B3D-9974-8ADDB02B2F7A}.Release|Any CPU.Build.0 = Release|Any CPU
		{2B7969F5-2EBA-4D68-AC22-97FF93FF5121}.Debug|Any CPU.ActiveCfg = Debug|Any CPU
		{2B7969F5-2EBA-4D68-AC22-97FF93FF5121}.Debug|Any CPU.Build.0 = Debug|Any CPU
		{2B7969F5-2EBA-4D68-AC22-97FF93FF5121}.Release|Any CPU.ActiveCfg = Release|Any CPU
		{2B7969F5-2EBA-4D68-AC22-97FF93FF5121}.Release|Any CPU.Build.0 = Release|Any CPU
		{AA4A206D-CD77-4AD5-8579-4D9C18C74E47}.Debug|Any CPU.ActiveCfg = Debug|Any CPU
		{AA4A206D-CD77-4AD5-8579-4D9C18C74E47}.Debug|Any CPU.Build.0 = Debug|Any CPU
		{AA4A206D-CD77-4AD5-8579-4D9C18C74E47}.Release|Any CPU.ActiveCfg = Release|Any CPU
		{AA4A206D-CD77-4AD5-8579-4D9C18C74E47}.Release|Any CPU.Build.0 = Release|Any CPU
		{055A538F-A05D-4E43-8349-5F253C5B5E95}.Debug|Any CPU.ActiveCfg = Debug|Any CPU
		{055A538F-A05D-4E43-8349-5F253C5B5E95}.Debug|Any CPU.Build.0 = Debug|Any CPU
		{055A538F-A05D-4E43-8349-5F253C5B5E95}.Release|Any CPU.ActiveCfg = Release|Any CPU
		{055A538F-A05D-4E43-8349-5F253C5B5E95}.Release|Any CPU.Build.0 = Release|Any CPU
		{0C59B1EA-7CEA-4C0B-97F4-553D57F9E25E}.Debug|Any CPU.ActiveCfg = Debug|Any CPU
		{0C59B1EA-7CEA-4C0B-97F4-553D57F9E25E}.Debug|Any CPU.Build.0 = Debug|Any CPU
		{0C59B1EA-7CEA-4C0B-97F4-553D57F9E25E}.Release|Any CPU.ActiveCfg = Release|Any CPU
		{0C59B1EA-7CEA-4C0B-97F4-553D57F9E25E}.Release|Any CPU.Build.0 = Release|Any CPU
		{B126D6C1-FCC4-4391-8A39-A5702583938E}.Debug|Any CPU.ActiveCfg = Debug|Any CPU
		{B126D6C1-FCC4-4391-8A39-A5702583938E}.Debug|Any CPU.Build.0 = Debug|Any CPU
		{B126D6C1-FCC4-4391-8A39-A5702583938E}.Release|Any CPU.ActiveCfg = Release|Any CPU
		{B126D6C1-FCC4-4391-8A39-A5702583938E}.Release|Any CPU.Build.0 = Release|Any CPU
	EndGlobalSection
	GlobalSection(SolutionProperties) = preSolution
		HideSolutionNode = FALSE
	EndGlobalSection
EndGlobal
