
Microsoft Visual Studio Solution File, Format Version 11.00
# Visual Studio 2010
Project("{FAE04EC0-301F-11D3-BF4B-00C04F79EFBC}") = "Ajubaa.Common.PolygonDataWriters", "Ajubaa.Common.PolygonDataWriters\Ajubaa.Common.PolygonDataWriters.csproj", "{2B7969F5-2EBA-4D68-AC22-97FF93FF5121}"
EndProject
Project("{FAE04EC0-301F-11D3-BF4B-00C04F79EFBC}") = "Ajubaa.Common", "..\Common\Ajubaa.Common\Ajubaa.Common.csproj", "{8E6395DC-4BE2-4D63-86CD-584AD30A94F1}"
EndProject
Project("{FAE04EC0-301F-11D3-BF4B-00C04F79EFBC}") = "Ajubaa.Common.PolygonDataWriters.Test", "Ajubaa.Common.PolygonDataWriters.Test\Ajubaa.Common.PolygonDataWriters.Test.csproj", "{9E204C56-77BD-4B19-9AE9-841CD087409C}"
EndProject
Project("{FAE04EC0-301F-11D3-BF4B-00C04F79EFBC}") = "Ajubaa.Common.PolygonDataReaders", "..\PolygonDataReaders\Ajubaa.Common.PolygonDataReaders\Ajubaa.Common.PolygonDataReaders.csproj", "{5D11131A-98E1-4716-B2B3-2DDBF1B58A8A}"
EndProject
Global
	GlobalSection(SolutionConfigurationPlatforms) = preSolution
		Debug|Any CPU = Debug|Any CPU
		Release|Any CPU = Release|Any CPU
	EndGlobalSection
	GlobalSection(ProjectConfigurationPlatforms) = postSolution
		{2B7969F5-2EBA-4D68-AC22-97FF93FF5121}.Debug|Any CPU.ActiveCfg = Debug|Any CPU
		{2B7969F5-2EBA-4D68-AC22-97FF93FF5121}.Debug|Any CPU.Build.0 = Debug|Any CPU
		{2B7969F5-2EBA-4D68-AC22-97FF93FF5121}.Release|Any CPU.ActiveCfg = Release|Any CPU
		{2B7969F5-2EBA-4D68-AC22-97FF93FF5121}.Release|Any CPU.Build.0 = Release|Any CPU
		{8E6395DC-4BE2-4D63-86CD-584AD30A94F1}.Debug|Any CPU.ActiveCfg = Debug|Any CPU
		{8E6395DC-4BE2-4D63-86CD-584AD30A94F1}.Debug|Any CPU.Build.0 = Debug|Any CPU
		{8E6395DC-4BE2-4D63-86CD-584AD30A94F1}.Release|Any CPU.ActiveCfg = Release|Any CPU
		{8E6395DC-4BE2-4D63-86CD-584AD30A94F1}.Release|Any CPU.Build.0 = Release|Any CPU
		{9E204C56-77BD-4B19-9AE9-841CD087409C}.Debug|Any CPU.ActiveCfg = Debug|Any CPU
		{9E204C56-77BD-4B19-9AE9-841CD087409C}.Debug|Any CPU.Build.0 = Debug|Any CPU
		{9E204C56-77BD-4B19-9AE9-841CD087409C}.Release|Any CPU.ActiveCfg = Release|Any CPU
		{9E204C56-77BD-4B19-9AE9-841CD087409C}.Release|Any CPU.Build.0 = Release|Any CPU
		{5D11131A-98E1-4716-B2B3-2DDBF1B58A8A}.Debug|Any CPU.ActiveCfg = Debug|Any CPU
		{5D11131A-98E1-4716-B2B3-2DDBF1B58A8A}.Debug|Any CPU.Build.0 = Debug|Any CPU
		{5D11131A-98E1-4716-B2B3-2DDBF1B58A8A}.Release|Any CPU.ActiveCfg = Release|Any CPU
		{5D11131A-98E1-4716-B2B3-2DDBF1B58A8A}.Release|Any CPU.Build.0 = Release|Any CPU
	EndGlobalSection
	GlobalSection(SolutionProperties) = preSolution
		HideSolutionNode = FALSE
	EndGlobalSection
EndGlobal
