
Microsoft Visual Studio Solution File, Format Version 11.00
# Visual Studio 2010
Project("{FAE04EC0-301F-11D3-BF4B-00C04F79EFBC}") = "Ajubaa.IBModeler.ImgToObj", "Ajubaa.IBModeler.ImgToObj\Ajubaa.IBModeler.ImgToObj.csproj", "{2C6817B4-F3D7-457E-8AA6-2BB4361A9D4F}"
EndProject
Project("{FAE04EC0-301F-11D3-BF4B-00C04F79EFBC}") = "Ajubaa.IBModeler.ImgToObj.Test", "Ajubaa.IBModeler.ImgToObj.Test\Ajubaa.IBModeler.ImgToObj.Test.csproj", "{833E4F7B-ABB0-4B94-AB89-4A52DC4384BC}"
EndProject
Project("{FAE04EC0-301F-11D3-BF4B-00C04F79EFBC}") = "Ajubaa.IBModeler.Common", "..\Ajubaa.IBModeler.Common\Ajubaa.IBModeler.Common.csproj", "{42E78142-4720-4128-9208-046896F53176}"
EndProject
Project("{FAE04EC0-301F-11D3-BF4B-00C04F79EFBC}") = "Ajubaa.Common", "..\..\Common\Ajubaa.Common\Ajubaa.Common.csproj", "{8E6395DC-4BE2-4D63-86CD-584AD30A94F1}"
EndProject
Global
	GlobalSection(SolutionConfigurationPlatforms) = preSolution
		Debug|Any CPU = Debug|Any CPU
		Release|Any CPU = Release|Any CPU
	EndGlobalSection
	GlobalSection(ProjectConfigurationPlatforms) = postSolution
		{2C6817B4-F3D7-457E-8AA6-2BB4361A9D4F}.Debug|Any CPU.ActiveCfg = Debug|Any CPU
		{2C6817B4-F3D7-457E-8AA6-2BB4361A9D4F}.Debug|Any CPU.Build.0 = Debug|Any CPU
		{2C6817B4-F3D7-457E-8AA6-2BB4361A9D4F}.Release|Any CPU.ActiveCfg = Release|Any CPU
		{2C6817B4-F3D7-457E-8AA6-2BB4361A9D4F}.Release|Any CPU.Build.0 = Release|Any CPU
		{833E4F7B-ABB0-4B94-AB89-4A52DC4384BC}.Debug|Any CPU.ActiveCfg = Debug|Any CPU
		{833E4F7B-ABB0-4B94-AB89-4A52DC4384BC}.Debug|Any CPU.Build.0 = Debug|Any CPU
		{833E4F7B-ABB0-4B94-AB89-4A52DC4384BC}.Release|Any CPU.ActiveCfg = Release|Any CPU
		{833E4F7B-ABB0-4B94-AB89-4A52DC4384BC}.Release|Any CPU.Build.0 = Release|Any CPU
		{42E78142-4720-4128-9208-046896F53176}.Debug|Any CPU.ActiveCfg = Debug|Any CPU
		{42E78142-4720-4128-9208-046896F53176}.Debug|Any CPU.Build.0 = Debug|Any CPU
		{42E78142-4720-4128-9208-046896F53176}.Release|Any CPU.ActiveCfg = Release|Any CPU
		{42E78142-4720-4128-9208-046896F53176}.Release|Any CPU.Build.0 = Release|Any CPU
		{8E6395DC-4BE2-4D63-86CD-584AD30A94F1}.Debug|Any CPU.ActiveCfg = Debug|Any CPU
		{8E6395DC-4BE2-4D63-86CD-584AD30A94F1}.Debug|Any CPU.Build.0 = Debug|Any CPU
		{8E6395DC-4BE2-4D63-86CD-584AD30A94F1}.Release|Any CPU.ActiveCfg = Release|Any CPU
		{8E6395DC-4BE2-4D63-86CD-584AD30A94F1}.Release|Any CPU.Build.0 = Release|Any CPU
	EndGlobalSection
	GlobalSection(SolutionProperties) = preSolution
		HideSolutionNode = FALSE
	EndGlobalSection
EndGlobal
